
Microsoft Visual Studio Solution File, Format Version 12.00
# Visual Studio Version 16
VisualStudioVersion = 16.0.30611.23
MinimumVisualStudioVersion = 10.0.40219.1
Project("{FAE04EC0-301F-11D3-BF4B-00C04F79EFBC}") = "LandonApi", "LandonApi.csproj", "{5A812BED-41F4-4E21-BDED-7254C9DEA703}"
EndProject
Global
	GlobalSection(SolutionConfigurationPlatforms) = preSolution
		Debug|Any CPU = Debug|Any CPU
		Release|Any CPU = Release|Any CPU
	EndGlobalSection
	GlobalSection(ProjectConfigurationPlatforms) = postSolution
		{5A812BED-41F4-4E21-BDED-7254C9DEA703}.Debug|Any CPU.ActiveCfg = Debug|Any CPU
		{5A812BED-41F4-4E21-BDED-7254C9DEA703}.Debug|Any CPU.Build.0 = Debug|Any CPU
		{5A812BED-41F4-4E21-BDED-7254C9DEA703}.Release|Any CPU.ActiveCfg = Release|Any CPU
		{5A812BED-41F4-4E21-BDED-7254C9DEA703}.Release|Any CPU.Build.0 = Release|Any CPU
	EndGlobalSection
	GlobalSection(SolutionProperties) = preSolution
		HideSolutionNode = FALSE
	EndGlobalSection
	GlobalSection(ExtensibilityGlobals) = postSolution
		SolutionGuid = {0820D342-CB76-41BE-BDC8-686D0CBBF154}
	EndGlobalSection
EndGlobal
